
Microsoft Visual Studio Solution File, Format Version 12.00
# Visual Studio Version 16
VisualStudioVersion = 16.0.30711.63
MinimumVisualStudioVersion = 10.0.40219.1
Project("{9A19103F-16F7-4668-BE54-9A1E7A4F7556}") = "QP.GraphQL.App", "QP.GraphQL.App\QP.GraphQL.App.csproj", "{9C71D60C-C132-4AE8-B51C-98B86D9BA076}"
EndProject
Project("{9A19103F-16F7-4668-BE54-9A1E7A4F7556}") = "QP.GraphQL.Interfaces", "QP.GraphQL.Interfaces\QP.GraphQL.Interfaces.csproj", "{5604E96C-E02C-486F-A5FB-92EAABCFB055}"
EndProject
Project("{9A19103F-16F7-4668-BE54-9A1E7A4F7556}") = "QP.GraphQL.DAL", "QP.GraphQL.DAL\QP.GraphQL.DAL.csproj", "{5FD1D60E-BD26-4C2A-91E6-CB00CFE63B54}"
EndProject
Project("{2150E333-8FDC-42A3-9474-1A3956D46DE8}") = "yaml", "yaml", "{0BC65DE7-A033-47F6-87BB-4E1795F9D202}"
	ProjectSection(SolutionItems) = preProject
		yaml\deployment.yaml = yaml\deployment.yaml
		yaml\ingress.yaml = yaml\ingress.yaml
		yaml\service.yaml = yaml\service.yaml
	EndProjectSection
EndProject
Global
	GlobalSection(SolutionConfigurationPlatforms) = preSolution
		Debug|Any CPU = Debug|Any CPU
		Release|Any CPU = Release|Any CPU
	EndGlobalSection
	GlobalSection(ProjectConfigurationPlatforms) = postSolution
		{9C71D60C-C132-4AE8-B51C-98B86D9BA076}.Debug|Any CPU.ActiveCfg = Debug|Any CPU
		{9C71D60C-C132-4AE8-B51C-98B86D9BA076}.Debug|Any CPU.Build.0 = Debug|Any CPU
		{9C71D60C-C132-4AE8-B51C-98B86D9BA076}.Release|Any CPU.ActiveCfg = Release|Any CPU
		{9C71D60C-C132-4AE8-B51C-98B86D9BA076}.Release|Any CPU.Build.0 = Release|Any CPU
		{5604E96C-E02C-486F-A5FB-92EAABCFB055}.Debug|Any CPU.ActiveCfg = Debug|Any CPU
		{5604E96C-E02C-486F-A5FB-92EAABCFB055}.Debug|Any CPU.Build.0 = Debug|Any CPU
		{5604E96C-E02C-486F-A5FB-92EAABCFB055}.Release|Any CPU.ActiveCfg = Release|Any CPU
		{5604E96C-E02C-486F-A5FB-92EAABCFB055}.Release|Any CPU.Build.0 = Release|Any CPU
		{5FD1D60E-BD26-4C2A-91E6-CB00CFE63B54}.Debug|Any CPU.ActiveCfg = Debug|Any CPU
		{5FD1D60E-BD26-4C2A-91E6-CB00CFE63B54}.Debug|Any CPU.Build.0 = Debug|Any CPU
		{5FD1D60E-BD26-4C2A-91E6-CB00CFE63B54}.Release|Any CPU.ActiveCfg = Release|Any CPU
		{5FD1D60E-BD26-4C2A-91E6-CB00CFE63B54}.Release|Any CPU.Build.0 = Release|Any CPU
	EndGlobalSection
	GlobalSection(SolutionProperties) = preSolution
		HideSolutionNode = FALSE
	EndGlobalSection
	GlobalSection(ExtensibilityGlobals) = postSolution
		SolutionGuid = {238F49A1-1791-46B4-8161-1A70CC289286}
	EndGlobalSection
EndGlobal
